
Microsoft Visual Studio Solution File, Format Version 12.00
# Visual Studio Version 17
VisualStudioVersion = 17.4.33110.190
MinimumVisualStudioVersion = 10.0.40219.1
Project("{FAE04EC0-301F-11D3-BF4B-00C04F79EFBC}") = "MicrolearningApi", "MicrolearningApi\MicrolearningApi.csproj", "{4BEF4EA5-C5BB-4090-82BE-832440BA3A04}"
EndProject
Project("{FAE04EC0-301F-11D3-BF4B-00C04F79EFBC}") = "MicrolearningApi.Data.Repository", "MicrolearningApi.Data\MicrolearningApi.Data.Repository.csproj", "{5FE13797-C7C5-42E3-AE22-C0F11D261B39}"
EndProject
Project("{FAE04EC0-301F-11D3-BF4B-00C04F79EFBC}") = "MicrolearningApi.Model.Repository", "MicrolearningApi.Model.Repository\MicrolearningApi.Model.Repository.csproj", "{5DC31670-3E40-407C-B8AF-A75DF529A51A}"
EndProject
Project("{FAE04EC0-301F-11D3-BF4B-00C04F79EFBC}") = "MicrolearningApi.Model.Business", "MicrolearningApi.Model.Business\MicrolearningApi.Model.Business.csproj", "{B02B9EEA-42AB-4A06-ABB1-DDA618244F28}"
EndProject
Project("{FAE04EC0-301F-11D3-BF4B-00C04F79EFBC}") = "MicrolearningApi.Business", "MicrolearningApi.Business\MicrolearningApi.Business.csproj", "{3B074C91-7DF4-45CA-8B96-8923F85C4D48}"
EndProject
Global
	GlobalSection(SolutionConfigurationPlatforms) = preSolution
		Debug|Any CPU = Debug|Any CPU
		Release|Any CPU = Release|Any CPU
	EndGlobalSection
	GlobalSection(ProjectConfigurationPlatforms) = postSolution
		{4BEF4EA5-C5BB-4090-82BE-832440BA3A04}.Debug|Any CPU.ActiveCfg = Debug|Any CPU
		{4BEF4EA5-C5BB-4090-82BE-832440BA3A04}.Debug|Any CPU.Build.0 = Debug|Any CPU
		{4BEF4EA5-C5BB-4090-82BE-832440BA3A04}.Release|Any CPU.ActiveCfg = Release|Any CPU
		{4BEF4EA5-C5BB-4090-82BE-832440BA3A04}.Release|Any CPU.Build.0 = Release|Any CPU
		{5FE13797-C7C5-42E3-AE22-C0F11D261B39}.Debug|Any CPU.ActiveCfg = Debug|Any CPU
		{5FE13797-C7C5-42E3-AE22-C0F11D261B39}.Debug|Any CPU.Build.0 = Debug|Any CPU
		{5FE13797-C7C5-42E3-AE22-C0F11D261B39}.Release|Any CPU.ActiveCfg = Release|Any CPU
		{5FE13797-C7C5-42E3-AE22-C0F11D261B39}.Release|Any CPU.Build.0 = Release|Any CPU
		{5DC31670-3E40-407C-B8AF-A75DF529A51A}.Debug|Any CPU.ActiveCfg = Debug|Any CPU
		{5DC31670-3E40-407C-B8AF-A75DF529A51A}.Debug|Any CPU.Build.0 = Debug|Any CPU
		{5DC31670-3E40-407C-B8AF-A75DF529A51A}.Release|Any CPU.ActiveCfg = Release|Any CPU
		{5DC31670-3E40-407C-B8AF-A75DF529A51A}.Release|Any CPU.Build.0 = Release|Any CPU
		{B02B9EEA-42AB-4A06-ABB1-DDA618244F28}.Debug|Any CPU.ActiveCfg = Debug|Any CPU
		{B02B9EEA-42AB-4A06-ABB1-DDA618244F28}.Debug|Any CPU.Build.0 = Debug|Any CPU
		{B02B9EEA-42AB-4A06-ABB1-DDA618244F28}.Release|Any CPU.ActiveCfg = Release|Any CPU
		{B02B9EEA-42AB-4A06-ABB1-DDA618244F28}.Release|Any CPU.Build.0 = Release|Any CPU
		{3B074C91-7DF4-45CA-8B96-8923F85C4D48}.Debug|Any CPU.ActiveCfg = Debug|Any CPU
		{3B074C91-7DF4-45CA-8B96-8923F85C4D48}.Debug|Any CPU.Build.0 = Debug|Any CPU
		{3B074C91-7DF4-45CA-8B96-8923F85C4D48}.Release|Any CPU.ActiveCfg = Release|Any CPU
		{3B074C91-7DF4-45CA-8B96-8923F85C4D48}.Release|Any CPU.Build.0 = Release|Any CPU
	EndGlobalSection
	GlobalSection(SolutionProperties) = preSolution
		HideSolutionNode = FALSE
	EndGlobalSection
	GlobalSection(ExtensibilityGlobals) = postSolution
		SolutionGuid = {1ED5D9BA-8DC2-405A-8F7E-25A79AA6AF97}
	EndGlobalSection
EndGlobal
